dependencies:
- name: istiod
  repository: https://istio-release.storage.googleapis.com/charts
  version: 1.28.1
- name: bb-common
  repository: oci://registry1.dso.mil/bigbang
  version: 0.12.0
digest: sha256:17e10aac6212e1e8ec849477abdd3ad040ea0c13e8faf8053f84ba9c83bc403f
generated: "2025-12-19T07:29:06.723100768Z"
