dependencies:
- name: istiod
  repository: https://istio-release.storage.googleapis.com/charts
  version: 1.29.0
- name: bb-common
  repository: oci://registry1.dso.mil/bigbang
  version: 0.14.1
digest: sha256:31a7e0b05d30be4a7c6c31aa7efff9543b198aad984353e64de654958a12b6f6
generated: "2026-02-23T13:58:53.2674269-06:00"
