dependencies:
- name: istiod
  repository: https://istio-release.storage.googleapis.com/charts
  version: 1.27.1
- name: bb-common
  repository: oci://registry1.dso.mil/bigbang
  version: 0.6.1
digest: sha256:c2193132b2099363525cfc67cef026ab0c426dbbf432dbc5d11d792ce3cf8e93
generated: "2025-09-08T09:42:48.956647-04:00"
